Microsoft Visual Studio Solution File, Format Version 12.00
# Visual Studio Version 17
VisualStudioVersion = 17.5.2.0
MinimumVisualStudioVersion = 10.0.40219.1
Project("{FAE04EC0-301F-11D3-BF4B-00C04F79EFBC}") = "HotelAccommodation", "HotelAccommodation.csproj", "{EAFD39FC-9398-308A-14BC-91AD87521CB5}"
EndProject
Global
	GlobalSection(SolutionConfigurationPlatforms) = preSolution
		Debug|Any CPU = Debug|Any CPU
		Release|Any CPU = Release|Any CPU
	EndGlobalSection
	GlobalSection(ProjectConfigurationPlatforms) = postSolution
		{EAFD39FC-9398-308A-14BC-91AD87521CB5}.Debug|Any CPU.ActiveCfg = Debug|Any CPU
		{EAFD39FC-9398-308A-14BC-91AD87521CB5}.Debug|Any CPU.Build.0 = Debug|Any CPU
		{EAFD39FC-9398-308A-14BC-91AD87521CB5}.Release|Any CPU.ActiveCfg = Release|Any CPU
		{EAFD39FC-9398-308A-14BC-91AD87521CB5}.Release|Any CPU.Build.0 = Release|Any CPU
	EndGlobalSection
	GlobalSection(SolutionProperties) = preSolution
		HideSolutionNode = FALSE
	EndGlobalSection
	GlobalSection(ExtensibilityGlobals) = postSolution
		SolutionGuid = {1F2F17AF-73F1-4FFE-86D1-63C68D4205A0}
	EndGlobalSection
EndGlobal
